{
    "_readme": [
        "This file locks the dependencies of your project to a known state",
        "Read more about it at https://getcomposer.org/doc/01-basic-usage.md#composer-lock-the-lock-file",
        "This file is @generated automatically"
    ],
    "hash": "0a32ddce14f226b7477c902d62fa836d",
    "content-hash": "4bf8d2ce8bc87376d667cc892366dce5",
    "packages": [
        {
            "name": "exsyst/io",
            "version": "0.1.0",
            "source": {
                "type": "git",
                "url": "https://github.com/EXSyst/IO.git",
                "reference": "7146c4bb0659bec19de8e7f38ac18bb57a9d65d9"
            },
            "dist": {
                "type": "zip",
                "url": "https://api.github.com/repos/EXSyst/IO/zipball/7146c4bb0659bec19de8e7f38ac18bb57a9d65d9",
                "reference": "7146c4bb0659bec19de8e7f38ac18bb57a9d65d9",
                "shasum": ""
            },
            "require": {
                "php": ">=5.5"
            },
            "require-dev": {
                "phpunit/phpunit": "~4.1",
                "react/event-loop": ">=0.1 <0.5"
            },
            "suggest": {
                "react/event-loop": "Evented I/O : allows being called back when a stream has available data, instead of having to poll it yourself"
            },
            "type": "library",
            "autoload": {
                "psr-4": {
                    "EXSyst\\Component\\IO\\": ""
                }
            },
            "notification-url": "https://packagist.org/downloads/",
            "license": [
                "Apache-2.0"
            ],
            "authors": [
                {
                    "name": "EXSyst"
                }
            ],
            "description": "Object-oriented I/O facility",
            "time": "2015-09-14 15:54:02"
        },
        {
            "name": "nikic/php-parser",
            "version": "v2.0.1",
            "source": {
                "type": "git",
                "url": "https://github.com/nikic/PHP-Parser.git",
                "reference": "ce5be709d59b32dd8a88c80259028759991a4206"
            },
            "dist": {
                "type": "zip",
                "url": "https://api.github.com/repos/nikic/PHP-Parser/zipball/ce5be709d59b32dd8a88c80259028759991a4206",
                "reference": "ce5be709d59b32dd8a88c80259028759991a4206",
                "shasum": ""
            },
            "require": {
                "ext-tokenizer": "*",
                "php": ">=5.4"
            },
            "require-dev": {
                "phpunit/phpunit": "~4.0"
            },
            "bin": [
                "bin/php-parse"
            ],
            "type": "library",
            "extra": {
                "branch-alias": {
                    "dev-master": "2.0-dev"
                }
            },
            "autoload": {
                "psr-4": {
                    "PhpParser\\": "lib/PhpParser"
                }
            },
            "notification-url": "https://packagist.org/downloads/",
            "license": [
                "BSD-3-Clause"
            ],
            "authors": [
                {
                    "name": "Nikita Popov"
                }
            ],
            "description": "A PHP parser written in PHP",
            "keywords": [
                "parser",
                "php"
            ],
            "time": "2016-02-28 19:48:28"
        }
    ],
    "packages-dev": [],
    "aliases": [],
    "minimum-stability": "stable",
    "stability-flags": [],
    "prefer-stable": false,
    "prefer-lowest": false,
    "platform": {
        "php": "^7.0"
    },
    "platform-dev": []
}
